
Microsoft Visual Studio Solution File, Format Version 12.00
# Visual Studio Version 16
VisualStudioVersion = 16.0.29519.87
MinimumVisualStudioVersion = 10.0.40219.1
Project("{FAE04EC0-301F-11D3-BF4B-00C04F79EFBC}") = "MedicalShop", "MedicalShop.csproj", "{A66DDC7D-DE9E-4210-94E4-12C8567CFEAC}"
EndProject
Global
	GlobalSection(SolutionConfigurationPlatforms) = preSolution
		Debug|Any CPU = Debug|Any CPU
		Release|Any CPU = Release|Any CPU
	EndGlobalSection
	GlobalSection(ProjectConfigurationPlatforms) = postSolution
		{A66DDC7D-DE9E-4210-94E4-12C8567CFEAC}.Debug|Any CPU.ActiveCfg = Debug|Any CPU
		{A66DDC7D-DE9E-4210-94E4-12C8567CFEAC}.Debug|Any CPU.Build.0 = Debug|Any CPU
		{A66DDC7D-DE9E-4210-94E4-12C8567CFEAC}.Release|Any CPU.ActiveCfg = Release|Any CPU
		{A66DDC7D-DE9E-4210-94E4-12C8567CFEAC}.Release|Any CPU.Build.0 = Release|Any CPU
	EndGlobalSection
	GlobalSection(SolutionProperties) = preSolution
		HideSolutionNode = FALSE
	EndGlobalSection
	GlobalSection(ExtensibilityGlobals) = postSolution
		SolutionGuid = {19DDED87-6400-4719-B9BA-E4AA6367A552}
	EndGlobalSection
EndGlobal
